
Microsoft Visual Studio Solution File, Format Version 12.00
# Visual Studio Version 17
VisualStudioVersion = 17.0.31903.59
MinimumVisualStudioVersion = 10.0.40219.1
Project("{FAE04EC0-301F-11D3-BF4B-00C04F79EFBC}") = "HelloWorld", "HelloWorld\HelloWorld.csproj", "{93846E40-C1FB-41BF-AF36-333DFB6A8DC9}"
EndProject
Project("{FAE04EC0-301F-11D3-BF4B-00C04F79EFBC}") = "HelloWorld-NoEntryPoint", "HelloWorld-NoEntryPoint\HelloWorld-NoEntryPoint.csproj", "{1B8197A5-4C6F-4AAE-B656-2BBCF0BF5528}"
EndProject
Project("{FAE04EC0-301F-11D3-BF4B-00C04F79EFBC}") = "UseVariable-NoEntryPoint", "UseVariable-NoEntryPoint\UseVariable-NoEntryPoint.csproj", "{D4ECC4DF-6052-46B6-9D4B-5E1F335548B0}"
EndProject
Project("{FAE04EC0-301F-11D3-BF4B-00C04F79EFBC}") = "UseString-NoEntryPoint", "UseString-NoEntryPoint\UseString-NoEntryPoint.csproj", "{BADC0318-73CA-463E-BF14-D3EFD214BEC4}"
EndProject
Project("{FAE04EC0-301F-11D3-BF4B-00C04F79EFBC}") = "MoreUseString-Trim-NoEntryPoint", "MoreUseString-Trim-NoEntryPoint\MoreUseString-Trim-NoEntryPoint.csproj", "{153F5731-2B11-49E0-9ECD-5AA258CC99EF}"
EndProject
Project("{FAE04EC0-301F-11D3-BF4B-00C04F79EFBC}") = "MoreUseString-Replace-NoEntryPoint", "MoreUseString-Replace-NoEntryPoint\MoreUseString-Replace-NoEntryPoint.csproj", "{A968BC74-FEAB-4FF6-A649-ED5BF4C82677}"
EndProject
Project("{FAE04EC0-301F-11D3-BF4B-00C04F79EFBC}") = "MoreUseString-Upper-Lower-NoEntryPoint", "MoreUseString-Upper-Lower-NoEntryPoint\MoreUseString-Upper-Lower-NoEntryPoint.csproj", "{BDDF15FB-148D-4C6A-81F5-7E0957D1A5AF}"
EndProject
Project("{FAE04EC0-301F-11D3-BF4B-00C04F79EFBC}") = "SearchString-NoEntryPoint", "SearchString-NoEntryPoint\SearchString-NoEntryPoint.csproj", "{A4A7AA9B-2AEE-4569-8714-65FD075ACA79}"
EndProject
Project("{FAE04EC0-301F-11D3-BF4B-00C04F79EFBC}") = "SearchString-Starts-Ends-With-NoEntryPoint", "SearchString-Starts-Ends-With-NoEntryPoint\SearchString-Starts-Ends-With-NoEntryPoint.csproj", "{0D212D32-A85F-4400-88CC-0BCC84233B37}"
EndProject
Project("{FAE04EC0-301F-11D3-BF4B-00C04F79EFBC}") = "Integer-NoEntryPoint", "Integer-NoEntryPoint\Integer-NoEntryPoint.csproj", "{3B103EBF-D78A-4DCB-AF6D-C89DE79FDC90}"
EndProject
Project("{FAE04EC0-301F-11D3-BF4B-00C04F79EFBC}") = "Integer-OrderOfOperations-NoEntryPoint", "Integer-OrderOfOperations-NoEntryPoint\Integer-OrderOfOperations-NoEntryPoint.csproj", "{B2C0FF71-6748-46F9-B78B-E8070CE47D90}"
EndProject
Project("{FAE04EC0-301F-11D3-BF4B-00C04F79EFBC}") = "Integer-Precision-Limits-NoEntryPoint", "Integer-Precision-Limits-NoEntryPoint\Integer-Precision-Limits-NoEntryPoint.csproj", "{FE16311E-8C1E-47DD-81EC-397286AE2528}"
EndProject
Project("{FAE04EC0-301F-11D3-BF4B-00C04F79EFBC}") = "Double-NoEntryPoint", "Double-NoEntryPoint\Double-NoEntryPoint.csproj", "{505777BB-95F6-4025-A5F0-8F5BB5ECAA7E}"
EndProject
Project("{FAE04EC0-301F-11D3-BF4B-00C04F79EFBC}") = "Decimal-NoEntryPoint", "Decimal-NoEntryPoint\Decimal-NoEntryPoint.csproj", "{79330CD4-032D-48E8-8B28-36869EA53E20}"
EndProject
Project("{FAE04EC0-301F-11D3-BF4B-00C04F79EFBC}") = "Calculate-Circle-Area-NoEntryPoint", "Calculate-Circle-Area-NoEntryPoint\Calculate-Circle-Area-NoEntryPoint.csproj", "{3A1C2293-FA6B-444A-A216-D45DF7A516B1}"
EndProject
Project("{FAE04EC0-301F-11D3-BF4B-00C04F79EFBC}") = "If-Statement-NoEntryPoint", "If-Statement-NoEntryPoint\If-Statement-NoEntryPoint.csproj", "{67FEADED-5C5F-406A-B109-0CB5CD676F79}"
EndProject
Project("{FAE04EC0-301F-11D3-BF4B-00C04F79EFBC}") = "If-Else-Work-NoEntryPoint", "If-Else-Work-NoEntryPoint\If-Else-Work-NoEntryPoint.csproj", "{28517034-04B9-4887-B643-0E2674C9507E}"
EndProject
Project("{FAE04EC0-301F-11D3-BF4B-00C04F79EFBC}") = "Loops-Repeat-Operations-NoEntryPoint", "Loops-Repeat-Operations-NoEntryPoint\Loops-Repeat-Operations-NoEntryPoint.csproj", "{71726007-75B2-4DC2-98BE-150CBD7D976F}"
EndProject
Project("{FAE04EC0-301F-11D3-BF4B-00C04F79EFBC}") = "For-Loop-NoEntryPoint", "For-Loop-NoEntryPoint\For-Loop-NoEntryPoint.csproj", "{100D81C7-EDAB-45BD-84C2-F6CB7D933FC2}"
EndProject
Project("{FAE04EC0-301F-11D3-BF4B-00C04F79EFBC}") = "Nested-Loop-NoEntryPoint", "Nested-Loop-NoEntryPoint\Nested-Loop-NoEntryPoint.csproj", "{5B071171-A235-4815-ADD7-96C844601860}"
EndProject
Project("{FAE04EC0-301F-11D3-BF4B-00C04F79EFBC}") = "Combine-Branches-Loops-NoEntryPoint", "Combine-Branches-Loops-NoEntryPoint\Combine-Branches-Loops-NoEntryPoint.csproj", "{6D8B9698-2E9C-4281-825B-8C973A2EA72D}"
EndProject
Project("{FAE04EC0-301F-11D3-BF4B-00C04F79EFBC}") = "Create-Lists-NoEntryPoint", "Create-Lists-NoEntryPoint\Create-Lists-NoEntryPoint.csproj", "{15B82217-1579-4F48-8A3F-7030360BD70F}"
EndProject
Project("{FAE04EC0-301F-11D3-BF4B-00C04F79EFBC}") = "Modify-List-Contents-NoEntryPoint", "Modify-List-Contents-NoEntryPoint\Modify-List-Contents-NoEntryPoint.csproj", "{5C4608AF-14FC-46C1-B962-CC7D086105CB}"
EndProject
Project("{FAE04EC0-301F-11D3-BF4B-00C04F79EFBC}") = "Search-Sort-Lists-NoEntryPoint", "Search-Sort-Lists-NoEntryPoint\Search-Sort-Lists-NoEntryPoint.csproj", "{41408A39-3E66-4CB0-A0C7-7AF207843305}"
EndProject
Project("{FAE04EC0-301F-11D3-BF4B-00C04F79EFBC}") = "ListsOfOtherTypes-NoEntryPoint", "ListsOfOtherTypes-NoEntryPoint\ListsOfOtherTypes-NoEntryPoint.csproj", "{13CF5F34-AC96-4836-B3FD-361721F5A8EA}"
EndProject
Global
	GlobalSection(SolutionConfigurationPlatforms) = preSolution
		Debug|Any CPU = Debug|Any CPU
		Release|Any CPU = Release|Any CPU
	EndGlobalSection
	GlobalSection(SolutionProperties) = preSolution
		HideSolutionNode = FALSE
	EndGlobalSection
	GlobalSection(ProjectConfigurationPlatforms) = postSolution
		{93846E40-C1FB-41BF-AF36-333DFB6A8DC9}.Debug|Any CPU.ActiveCfg = Debug|Any CPU
		{93846E40-C1FB-41BF-AF36-333DFB6A8DC9}.Debug|Any CPU.Build.0 = Debug|Any CPU
		{93846E40-C1FB-41BF-AF36-333DFB6A8DC9}.Release|Any CPU.ActiveCfg = Release|Any CPU
		{93846E40-C1FB-41BF-AF36-333DFB6A8DC9}.Release|Any CPU.Build.0 = Release|Any CPU
		{1B8197A5-4C6F-4AAE-B656-2BBCF0BF5528}.Debug|Any CPU.ActiveCfg = Debug|Any CPU
		{1B8197A5-4C6F-4AAE-B656-2BBCF0BF5528}.Debug|Any CPU.Build.0 = Debug|Any CPU
		{1B8197A5-4C6F-4AAE-B656-2BBCF0BF5528}.Release|Any CPU.ActiveCfg = Release|Any CPU
		{1B8197A5-4C6F-4AAE-B656-2BBCF0BF5528}.Release|Any CPU.Build.0 = Release|Any CPU
		{D4ECC4DF-6052-46B6-9D4B-5E1F335548B0}.Debug|Any CPU.ActiveCfg = Debug|Any CPU
		{D4ECC4DF-6052-46B6-9D4B-5E1F335548B0}.Debug|Any CPU.Build.0 = Debug|Any CPU
		{D4ECC4DF-6052-46B6-9D4B-5E1F335548B0}.Release|Any CPU.ActiveCfg = Release|Any CPU
		{D4ECC4DF-6052-46B6-9D4B-5E1F335548B0}.Release|Any CPU.Build.0 = Release|Any CPU
		{BADC0318-73CA-463E-BF14-D3EFD214BEC4}.Debug|Any CPU.ActiveCfg = Debug|Any CPU
		{BADC0318-73CA-463E-BF14-D3EFD214BEC4}.Debug|Any CPU.Build.0 = Debug|Any CPU
		{BADC0318-73CA-463E-BF14-D3EFD214BEC4}.Release|Any CPU.ActiveCfg = Release|Any CPU
		{BADC0318-73CA-463E-BF14-D3EFD214BEC4}.Release|Any CPU.Build.0 = Release|Any CPU
		{153F5731-2B11-49E0-9ECD-5AA258CC99EF}.Debug|Any CPU.ActiveCfg = Debug|Any CPU
		{153F5731-2B11-49E0-9ECD-5AA258CC99EF}.Debug|Any CPU.Build.0 = Debug|Any CPU
		{153F5731-2B11-49E0-9ECD-5AA258CC99EF}.Release|Any CPU.ActiveCfg = Release|Any CPU
		{153F5731-2B11-49E0-9ECD-5AA258CC99EF}.Release|Any CPU.Build.0 = Release|Any CPU
		{A968BC74-FEAB-4FF6-A649-ED5BF4C82677}.Debug|Any CPU.ActiveCfg = Debug|Any CPU
		{A968BC74-FEAB-4FF6-A649-ED5BF4C82677}.Debug|Any CPU.Build.0 = Debug|Any CPU
		{A968BC74-FEAB-4FF6-A649-ED5BF4C82677}.Release|Any CPU.ActiveCfg = Release|Any CPU
		{A968BC74-FEAB-4FF6-A649-ED5BF4C82677}.Release|Any CPU.Build.0 = Release|Any CPU
		{BDDF15FB-148D-4C6A-81F5-7E0957D1A5AF}.Debug|Any CPU.ActiveCfg = Debug|Any CPU
		{BDDF15FB-148D-4C6A-81F5-7E0957D1A5AF}.Debug|Any CPU.Build.0 = Debug|Any CPU
		{BDDF15FB-148D-4C6A-81F5-7E0957D1A5AF}.Release|Any CPU.ActiveCfg = Release|Any CPU
		{BDDF15FB-148D-4C6A-81F5-7E0957D1A5AF}.Release|Any CPU.Build.0 = Release|Any CPU
		{A4A7AA9B-2AEE-4569-8714-65FD075ACA79}.Debug|Any CPU.ActiveCfg = Debug|Any CPU
		{A4A7AA9B-2AEE-4569-8714-65FD075ACA79}.Debug|Any CPU.Build.0 = Debug|Any CPU
		{A4A7AA9B-2AEE-4569-8714-65FD075ACA79}.Release|Any CPU.ActiveCfg = Release|Any CPU
		{A4A7AA9B-2AEE-4569-8714-65FD075ACA79}.Release|Any CPU.Build.0 = Release|Any CPU
		{0D212D32-A85F-4400-88CC-0BCC84233B37}.Debug|Any CPU.ActiveCfg = Debug|Any CPU
		{0D212D32-A85F-4400-88CC-0BCC84233B37}.Debug|Any CPU.Build.0 = Debug|Any CPU
		{0D212D32-A85F-4400-88CC-0BCC84233B37}.Release|Any CPU.ActiveCfg = Release|Any CPU
		{0D212D32-A85F-4400-88CC-0BCC84233B37}.Release|Any CPU.Build.0 = Release|Any CPU
		{3B103EBF-D78A-4DCB-AF6D-C89DE79FDC90}.Debug|Any CPU.ActiveCfg = Debug|Any CPU
		{3B103EBF-D78A-4DCB-AF6D-C89DE79FDC90}.Debug|Any CPU.Build.0 = Debug|Any CPU
		{3B103EBF-D78A-4DCB-AF6D-C89DE79FDC90}.Release|Any CPU.ActiveCfg = Release|Any CPU
		{3B103EBF-D78A-4DCB-AF6D-C89DE79FDC90}.Release|Any CPU.Build.0 = Release|Any CPU
		{B2C0FF71-6748-46F9-B78B-E8070CE47D90}.Debug|Any CPU.ActiveCfg = Debug|Any CPU
		{B2C0FF71-6748-46F9-B78B-E8070CE47D90}.Debug|Any CPU.Build.0 = Debug|Any CPU
		{B2C0FF71-6748-46F9-B78B-E8070CE47D90}.Release|Any CPU.ActiveCfg = Release|Any CPU
		{B2C0FF71-6748-46F9-B78B-E8070CE47D90}.Release|Any CPU.Build.0 = Release|Any CPU
		{FE16311E-8C1E-47DD-81EC-397286AE2528}.Debug|Any CPU.ActiveCfg = Debug|Any CPU
		{FE16311E-8C1E-47DD-81EC-397286AE2528}.Debug|Any CPU.Build.0 = Debug|Any CPU
		{FE16311E-8C1E-47DD-81EC-397286AE2528}.Release|Any CPU.ActiveCfg = Release|Any CPU
		{FE16311E-8C1E-47DD-81EC-397286AE2528}.Release|Any CPU.Build.0 = Release|Any CPU
		{505777BB-95F6-4025-A5F0-8F5BB5ECAA7E}.Debug|Any CPU.ActiveCfg = Debug|Any CPU
		{505777BB-95F6-4025-A5F0-8F5BB5ECAA7E}.Debug|Any CPU.Build.0 = Debug|Any CPU
		{505777BB-95F6-4025-A5F0-8F5BB5ECAA7E}.Release|Any CPU.ActiveCfg = Release|Any CPU
		{505777BB-95F6-4025-A5F0-8F5BB5ECAA7E}.Release|Any CPU.Build.0 = Release|Any CPU
		{79330CD4-032D-48E8-8B28-36869EA53E20}.Debug|Any CPU.ActiveCfg = Debug|Any CPU
		{79330CD4-032D-48E8-8B28-36869EA53E20}.Debug|Any CPU.Build.0 = Debug|Any CPU
		{79330CD4-032D-48E8-8B28-36869EA53E20}.Release|Any CPU.ActiveCfg = Release|Any CPU
		{79330CD4-032D-48E8-8B28-36869EA53E20}.Release|Any CPU.Build.0 = Release|Any CPU
		{3A1C2293-FA6B-444A-A216-D45DF7A516B1}.Debug|Any CPU.ActiveCfg = Debug|Any CPU
		{3A1C2293-FA6B-444A-A216-D45DF7A516B1}.Debug|Any CPU.Build.0 = Debug|Any CPU
		{3A1C2293-FA6B-444A-A216-D45DF7A516B1}.Release|Any CPU.ActiveCfg = Release|Any CPU
		{3A1C2293-FA6B-444A-A216-D45DF7A516B1}.Release|Any CPU.Build.0 = Release|Any CPU
		{67FEADED-5C5F-406A-B109-0CB5CD676F79}.Debug|Any CPU.ActiveCfg = Debug|Any CPU
		{67FEADED-5C5F-406A-B109-0CB5CD676F79}.Debug|Any CPU.Build.0 = Debug|Any CPU
		{67FEADED-5C5F-406A-B109-0CB5CD676F79}.Release|Any CPU.ActiveCfg = Release|Any CPU
		{67FEADED-5C5F-406A-B109-0CB5CD676F79}.Release|Any CPU.Build.0 = Release|Any CPU
		{28517034-04B9-4887-B643-0E2674C9507E}.Debug|Any CPU.ActiveCfg = Debug|Any CPU
		{28517034-04B9-4887-B643-0E2674C9507E}.Debug|Any CPU.Build.0 = Debug|Any CPU
		{28517034-04B9-4887-B643-0E2674C9507E}.Release|Any CPU.ActiveCfg = Release|Any CPU
		{28517034-04B9-4887-B643-0E2674C9507E}.Release|Any CPU.Build.0 = Release|Any CPU
		{71726007-75B2-4DC2-98BE-150CBD7D976F}.Debug|Any CPU.ActiveCfg = Debug|Any CPU
		{71726007-75B2-4DC2-98BE-150CBD7D976F}.Debug|Any CPU.Build.0 = Debug|Any CPU
		{71726007-75B2-4DC2-98BE-150CBD7D976F}.Release|Any CPU.ActiveCfg = Release|Any CPU
		{71726007-75B2-4DC2-98BE-150CBD7D976F}.Release|Any CPU.Build.0 = Release|Any CPU
		{100D81C7-EDAB-45BD-84C2-F6CB7D933FC2}.Debug|Any CPU.ActiveCfg = Debug|Any CPU
		{100D81C7-EDAB-45BD-84C2-F6CB7D933FC2}.Debug|Any CPU.Build.0 = Debug|Any CPU
		{100D81C7-EDAB-45BD-84C2-F6CB7D933FC2}.Release|Any CPU.ActiveCfg = Release|Any CPU
		{100D81C7-EDAB-45BD-84C2-F6CB7D933FC2}.Release|Any CPU.Build.0 = Release|Any CPU
		{5B071171-A235-4815-ADD7-96C844601860}.Debug|Any CPU.ActiveCfg = Debug|Any CPU
		{5B071171-A235-4815-ADD7-96C844601860}.Debug|Any CPU.Build.0 = Debug|Any CPU
		{5B071171-A235-4815-ADD7-96C844601860}.Release|Any CPU.ActiveCfg = Release|Any CPU
		{5B071171-A235-4815-ADD7-96C844601860}.Release|Any CPU.Build.0 = Release|Any CPU
		{6D8B9698-2E9C-4281-825B-8C973A2EA72D}.Debug|Any CPU.ActiveCfg = Debug|Any CPU
		{6D8B9698-2E9C-4281-825B-8C973A2EA72D}.Debug|Any CPU.Build.0 = Debug|Any CPU
		{6D8B9698-2E9C-4281-825B-8C973A2EA72D}.Release|Any CPU.ActiveCfg = Release|Any CPU
		{6D8B9698-2E9C-4281-825B-8C973A2EA72D}.Release|Any CPU.Build.0 = Release|Any CPU
		{15B82217-1579-4F48-8A3F-7030360BD70F}.Debug|Any CPU.ActiveCfg = Debug|Any CPU
		{15B82217-1579-4F48-8A3F-7030360BD70F}.Debug|Any CPU.Build.0 = Debug|Any CPU
		{15B82217-1579-4F48-8A3F-7030360BD70F}.Release|Any CPU.ActiveCfg = Release|Any CPU
		{15B82217-1579-4F48-8A3F-7030360BD70F}.Release|Any CPU.Build.0 = Release|Any CPU
		{5C4608AF-14FC-46C1-B962-CC7D086105CB}.Debug|Any CPU.ActiveCfg = Debug|Any CPU
		{5C4608AF-14FC-46C1-B962-CC7D086105CB}.Debug|Any CPU.Build.0 = Debug|Any CPU
		{5C4608AF-14FC-46C1-B962-CC7D086105CB}.Release|Any CPU.ActiveCfg = Release|Any CPU
		{5C4608AF-14FC-46C1-B962-CC7D086105CB}.Release|Any CPU.Build.0 = Release|Any CPU
		{41408A39-3E66-4CB0-A0C7-7AF207843305}.Debug|Any CPU.ActiveCfg = Debug|Any CPU
		{41408A39-3E66-4CB0-A0C7-7AF207843305}.Debug|Any CPU.Build.0 = Debug|Any CPU
		{41408A39-3E66-4CB0-A0C7-7AF207843305}.Release|Any CPU.ActiveCfg = Release|Any CPU
		{41408A39-3E66-4CB0-A0C7-7AF207843305}.Release|Any CPU.Build.0 = Release|Any CPU
		{13CF5F34-AC96-4836-B3FD-361721F5A8EA}.Debug|Any CPU.ActiveCfg = Debug|Any CPU
		{13CF5F34-AC96-4836-B3FD-361721F5A8EA}.Debug|Any CPU.Build.0 = Debug|Any CPU
		{13CF5F34-AC96-4836-B3FD-361721F5A8EA}.Release|Any CPU.ActiveCfg = Release|Any CPU
		{13CF5F34-AC96-4836-B3FD-361721F5A8EA}.Release|Any CPU.Build.0 = Release|Any CPU
	EndGlobalSection
EndGlobal
